
Microsoft Visual Studio Solution File, Format Version 12.00
# Visual Studio Version 17
VisualStudioVersion = 17.9.34701.34
MinimumVisualStudioVersion = 10.0.40219.1
Project("{F14B399A-7131-4C87-9E4B-1186C45EF12D}") = "AdidasSSRS", "AdidasSSRS\AdidasSSRS.rptproj", "{F1164B67-F356-4E70-98F3-A7433F7FC2AD}"
EndProject
Global
	GlobalSection(SolutionConfigurationPlatforms) = preSolution
		Debug|Default = Debug|Default
		DebugLocal|Default = DebugLocal|Default
		Release|Default = Release|Default
	EndGlobalSection
	GlobalSection(ProjectConfigurationPlatforms) = postSolution
		{F1164B67-F356-4E70-98F3-A7433F7FC2AD}.Debug|Default.ActiveCfg = Debug
		{F1164B67-F356-4E70-98F3-A7433F7FC2AD}.Debug|Default.Build.0 = Debug
		{F1164B67-F356-4E70-98F3-A7433F7FC2AD}.Debug|Default.Deploy.0 = Debug
		{F1164B67-F356-4E70-98F3-A7433F7FC2AD}.DebugLocal|Default.ActiveCfg = DebugLocal
		{F1164B67-F356-4E70-98F3-A7433F7FC2AD}.DebugLocal|Default.Build.0 = DebugLocal
		{F1164B67-F356-4E70-98F3-A7433F7FC2AD}.Release|Default.ActiveCfg = Release
		{F1164B67-F356-4E70-98F3-A7433F7FC2AD}.Release|Default.Build.0 = Release
		{F1164B67-F356-4E70-98F3-A7433F7FC2AD}.Release|Default.Deploy.0 = Release
	EndGlobalSection
	GlobalSection(SolutionProperties) = preSolution
		HideSolutionNode = FALSE
	EndGlobalSection
	GlobalSection(ExtensibilityGlobals) = postSolution
		SolutionGuid = {1254E0D0-DBCC-460F-9DBF-36453E18B167}
	EndGlobalSection
EndGlobal
